
Microsoft Visual Studio Solution File, Format Version 12.00
# Visual Studio 15
VisualStudioVersion = 15.0.26430.14
MinimumVisualStudioVersion = 10.0.40219.1
Project("{FAE04EC0-301F-11D3-BF4B-00C04F79EFBC}") = "Skunked", "Skunked\Skunked.csproj", "{456DF28E-8EA0-413D-982F-F67A6EB43FDF}"
EndProject
Project("{2150E333-8FDC-42A3-9474-1A3956D46DE8}") = "Solution Items", "Solution Items", "{446CA3CE-C95D-43A0-A22A-8F73A6AA2EBD}"
	ProjectSection(SolutionItems) = preProject
		Performance1.psess = Performance1.psess
		README.md = README.md
	EndProjectSection
EndProject
Project("{2150E333-8FDC-42A3-9474-1A3956D46DE8}") = ".nuget", ".nuget", "{5AF76AE4-377F-4175-BF54-F857338B4BFA}"
	ProjectSection(SolutionItems) = preProject
		.nuget\NuGet.Config = .nuget\NuGet.Config
		.nuget\NuGet.exe = .nuget\NuGet.exe
		.nuget\NuGet.targets = .nuget\NuGet.targets
	EndProjectSection
EndProject
Project("{2150E333-8FDC-42A3-9474-1A3956D46DE8}") = "Build Packages", "Build Packages", "{0CA42EF2-F639-4987-9DDF-106A71FA6E48}"
	ProjectSection(SolutionItems) = preProject
		Skunked Packages\Skunked.0.5.0.nupkg = Skunked Packages\Skunked.0.5.0.nupkg
		Skunked Packages\Skunked.0.6.0.nupkg = Skunked Packages\Skunked.0.6.0.nupkg
	EndProjectSection
EndProject
Project("{2150E333-8FDC-42A3-9474-1A3956D46DE8}") = "Packages", "Packages", "{8FE34C12-58B9-4E0A-8D50-9CDE0FA1ACD8}"
	ProjectSection(SolutionItems) = preProject
		Release Packages\Skunked.nuspec = Release Packages\Skunked.nuspec
	EndProjectSection
EndProject
Project("{9A19103F-16F7-4668-BE54-9A1E7A4F7556}") = "Skunked.Standard", "src\Skunked.Standard\Skunked.Standard.csproj", "{86109756-49ED-4635-BCAA-BA5CF9CBEB8B}"
EndProject
Project("{FAE04EC0-301F-11D3-BF4B-00C04F79EFBC}") = "Skunked.Standard.UnitTest", "test\Skunked.Standard.UnitTest\Skunked.Standard.UnitTest.csproj", "{369B0355-CECC-46FD-85E7-E9C000CF5020}"
EndProject
Project("{FAE04EC0-301F-11D3-BF4B-00C04F79EFBC}") = "Skunked.Standard.Analytics", "test\Skunked.Standard.Analytics\Skunked.Standard.Analytics.csproj", "{49065AE8-5ABC-4D54-80AC-8D80F7EFE88D}"
EndProject
Project("{FAE04EC0-301F-11D3-BF4B-00C04F79EFBC}") = "Skunked.Standard.Test.System", "test\Skunked.Standard.Test.System\Skunked.Standard.Test.System.csproj", "{9F2641CE-D020-4CFE-9E82-BE4C27504804}"
EndProject
Global
	GlobalSection(SolutionConfigurationPlatforms) = preSolution
		Debug|Any CPU = Debug|Any CPU
		Release|Any CPU = Release|Any CPU
	EndGlobalSection
	GlobalSection(ProjectConfigurationPlatforms) = postSolution
		{456DF28E-8EA0-413D-982F-F67A6EB43FDF}.Debug|Any CPU.ActiveCfg = Debug|Any CPU
		{456DF28E-8EA0-413D-982F-F67A6EB43FDF}.Debug|Any CPU.Build.0 = Debug|Any CPU
		{456DF28E-8EA0-413D-982F-F67A6EB43FDF}.Release|Any CPU.ActiveCfg = Release|Any CPU
		{456DF28E-8EA0-413D-982F-F67A6EB43FDF}.Release|Any CPU.Build.0 = Release|Any CPU
		{86109756-49ED-4635-BCAA-BA5CF9CBEB8B}.Debug|Any CPU.ActiveCfg = Debug|Any CPU
		{86109756-49ED-4635-BCAA-BA5CF9CBEB8B}.Debug|Any CPU.Build.0 = Debug|Any CPU
		{86109756-49ED-4635-BCAA-BA5CF9CBEB8B}.Release|Any CPU.ActiveCfg = Release|Any CPU
		{86109756-49ED-4635-BCAA-BA5CF9CBEB8B}.Release|Any CPU.Build.0 = Release|Any CPU
		{369B0355-CECC-46FD-85E7-E9C000CF5020}.Debug|Any CPU.ActiveCfg = Debug|Any CPU
		{369B0355-CECC-46FD-85E7-E9C000CF5020}.Debug|Any CPU.Build.0 = Debug|Any CPU
		{369B0355-CECC-46FD-85E7-E9C000CF5020}.Release|Any CPU.ActiveCfg = Release|Any CPU
		{369B0355-CECC-46FD-85E7-E9C000CF5020}.Release|Any CPU.Build.0 = Release|Any CPU
		{49065AE8-5ABC-4D54-80AC-8D80F7EFE88D}.Debug|Any CPU.ActiveCfg = Debug|Any CPU
		{49065AE8-5ABC-4D54-80AC-8D80F7EFE88D}.Debug|Any CPU.Build.0 = Debug|Any CPU
		{49065AE8-5ABC-4D54-80AC-8D80F7EFE88D}.Release|Any CPU.ActiveCfg = Release|Any CPU
		{49065AE8-5ABC-4D54-80AC-8D80F7EFE88D}.Release|Any CPU.Build.0 = Release|Any CPU
		{9F2641CE-D020-4CFE-9E82-BE4C27504804}.Debug|Any CPU.ActiveCfg = Debug|Any CPU
		{9F2641CE-D020-4CFE-9E82-BE4C27504804}.Debug|Any CPU.Build.0 = Debug|Any CPU
		{9F2641CE-D020-4CFE-9E82-BE4C27504804}.Release|Any CPU.ActiveCfg = Release|Any CPU
		{9F2641CE-D020-4CFE-9E82-BE4C27504804}.Release|Any CPU.Build.0 = Release|Any CPU
	EndGlobalSection
	GlobalSection(SolutionProperties) = preSolution
		HideSolutionNode = FALSE
	EndGlobalSection
	GlobalSection(NestedProjects) = preSolution
		{0CA42EF2-F639-4987-9DDF-106A71FA6E48} = {446CA3CE-C95D-43A0-A22A-8F73A6AA2EBD}
	EndGlobalSection
	GlobalSection(CodealikeProperties) = postSolution
		SolutionGuid = 561fe1f7-ece5-4e11-821f-0a2943c8cb01
	EndGlobalSection
EndGlobal
