
Microsoft Visual Studio Solution File, Format Version 12.00
# Visual Studio 2013
VisualStudioVersion = 12.0.31101.0
MinimumVisualStudioVersion = 10.0.40219.1
Project("{FAE04EC0-301F-11D3-BF4B-00C04F79EFBC}") = "Skunked", "Skunked\Skunked.csproj", "{456DF28E-8EA0-413D-982F-F67A6EB43FDF}"
EndProject
Project("{FAE04EC0-301F-11D3-BF4B-00C04F79EFBC}") = "Skunked.Test", "Skunked.Test\Skunked.Test.csproj", "{C64EBFFC-53F9-422F-881A-987033025912}"
EndProject
Project("{2150E333-8FDC-42A3-9474-1A3956D46DE8}") = "Solution Items", "Solution Items", "{446CA3CE-C95D-43A0-A22A-8F73A6AA2EBD}"
	ProjectSection(SolutionItems) = preProject
		Performance1.psess = Performance1.psess
		README.txt = README.txt
	EndProjectSection
EndProject
Project("{2150E333-8FDC-42A3-9474-1A3956D46DE8}") = ".nuget", ".nuget", "{5AF76AE4-377F-4175-BF54-F857338B4BFA}"
	ProjectSection(SolutionItems) = preProject
		.nuget\NuGet.Config = .nuget\NuGet.Config
		.nuget\NuGet.exe = .nuget\NuGet.exe
		.nuget\NuGet.targets = .nuget\NuGet.targets
	EndProjectSection
EndProject
Project("{2150E333-8FDC-42A3-9474-1A3956D46DE8}") = "Build Packages", "Build Packages", "{0CA42EF2-F639-4987-9DDF-106A71FA6E48}"
	ProjectSection(SolutionItems) = preProject
		Skunked Packages\Skunked.0.5.0.nupkg = Skunked Packages\Skunked.0.5.0.nupkg
		Skunked Packages\Skunked.0.6.0.nupkg = Skunked Packages\Skunked.0.6.0.nupkg
	EndProjectSection
EndProject
Project("{FAE04EC0-301F-11D3-BF4B-00C04F79EFBC}") = "Skunked.Test.System", "Skunked.Test.System\Skunked.Test.System.csproj", "{D4F47431-7874-4A77-9963-588DA2A31D0A}"
EndProject
Project("{2150E333-8FDC-42A3-9474-1A3956D46DE8}") = "Packages", "Packages", "{8FE34C12-58B9-4E0A-8D50-9CDE0FA1ACD8}"
	ProjectSection(SolutionItems) = preProject
		Release Packages\Skunked.0.9.nupkg = Release Packages\Skunked.0.9.nupkg
	EndProjectSection
EndProject
Project("{FAE04EC0-301F-11D3-BF4B-00C04F79EFBC}") = "Skunked.Test.Analytics", "Skunked.Test.Analytics\Skunked.Test.Analytics.csproj", "{0F182C6C-2769-4491-AA63-5FDC4C15B64B}"
EndProject
Global
	GlobalSection(SolutionConfigurationPlatforms) = preSolution
		Debug|Any CPU = Debug|Any CPU
		Release|Any CPU = Release|Any CPU
	EndGlobalSection
	GlobalSection(ProjectConfigurationPlatforms) = postSolution
		{456DF28E-8EA0-413D-982F-F67A6EB43FDF}.Debug|Any CPU.ActiveCfg = Debug|Any CPU
		{456DF28E-8EA0-413D-982F-F67A6EB43FDF}.Debug|Any CPU.Build.0 = Debug|Any CPU
		{456DF28E-8EA0-413D-982F-F67A6EB43FDF}.Release|Any CPU.ActiveCfg = Release|Any CPU
		{456DF28E-8EA0-413D-982F-F67A6EB43FDF}.Release|Any CPU.Build.0 = Release|Any CPU
		{C64EBFFC-53F9-422F-881A-987033025912}.Debug|Any CPU.ActiveCfg = Debug|Any CPU
		{C64EBFFC-53F9-422F-881A-987033025912}.Debug|Any CPU.Build.0 = Debug|Any CPU
		{C64EBFFC-53F9-422F-881A-987033025912}.Release|Any CPU.ActiveCfg = Release|Any CPU
		{C64EBFFC-53F9-422F-881A-987033025912}.Release|Any CPU.Build.0 = Release|Any CPU
		{D4F47431-7874-4A77-9963-588DA2A31D0A}.Debug|Any CPU.ActiveCfg = Debug|Any CPU
		{D4F47431-7874-4A77-9963-588DA2A31D0A}.Debug|Any CPU.Build.0 = Debug|Any CPU
		{D4F47431-7874-4A77-9963-588DA2A31D0A}.Release|Any CPU.ActiveCfg = Release|Any CPU
		{D4F47431-7874-4A77-9963-588DA2A31D0A}.Release|Any CPU.Build.0 = Release|Any CPU
		{0F182C6C-2769-4491-AA63-5FDC4C15B64B}.Debug|Any CPU.ActiveCfg = Debug|Any CPU
		{0F182C6C-2769-4491-AA63-5FDC4C15B64B}.Debug|Any CPU.Build.0 = Debug|Any CPU
		{0F182C6C-2769-4491-AA63-5FDC4C15B64B}.Release|Any CPU.ActiveCfg = Release|Any CPU
		{0F182C6C-2769-4491-AA63-5FDC4C15B64B}.Release|Any CPU.Build.0 = Release|Any CPU
	EndGlobalSection
	GlobalSection(SolutionProperties) = preSolution
		HideSolutionNode = FALSE
	EndGlobalSection
	GlobalSection(NestedProjects) = preSolution
		{0CA42EF2-F639-4987-9DDF-106A71FA6E48} = {446CA3CE-C95D-43A0-A22A-8F73A6AA2EBD}
	EndGlobalSection
EndGlobal
